
Microsoft Visual Studio Solution File, Format Version 12.00
# Visual Studio Version 17
VisualStudioVersion = 17.5.2.0
MinimumVisualStudioVersion = 10.0.40219.1
Project("{FAE04EC0-301F-11D3-BF4B-00C04F79EFBC}") = "HRSystem.WebAPI", "HRSystem.WebAPI\HRSystem.WebAPI.csproj", "{D05A26EE-AD66-4165-9D18-8171E1890596}"
EndProject
Project("{FAE04EC0-301F-11D3-BF4B-00C04F79EFBC}") = "HRSystem.MVC", "HRSystem.MVC\HRSystem.MVC.csproj", "{1C16BF94-9F34-4B26-8B03-112E35A06BD4}"
EndProject
Global
	GlobalSection(SolutionConfigurationPlatforms) = preSolution
		Debug|Any CPU = Debug|Any CPU
		Debug|x64 = Debug|x64
		Debug|x86 = Debug|x86
		Release|Any CPU = Release|Any CPU
		Release|x64 = Release|x64
		Release|x86 = Release|x86
	EndGlobalSection
	GlobalSection(ProjectConfigurationPlatforms) = postSolution
		{D05A26EE-AD66-4165-9D18-8171E1890596}.Debug|Any CPU.ActiveCfg = Debug|Any CPU
		{D05A26EE-AD66-4165-9D18-8171E1890596}.Debug|Any CPU.Build.0 = Debug|Any CPU
		{D05A26EE-AD66-4165-9D18-8171E1890596}.Debug|x64.ActiveCfg = Debug|Any CPU
		{D05A26EE-AD66-4165-9D18-8171E1890596}.Debug|x64.Build.0 = Debug|Any CPU
		{D05A26EE-AD66-4165-9D18-8171E1890596}.Debug|x86.ActiveCfg = Debug|Any CPU
		{D05A26EE-AD66-4165-9D18-8171E1890596}.Debug|x86.Build.0 = Debug|Any CPU
		{D05A26EE-AD66-4165-9D18-8171E1890596}.Release|Any CPU.ActiveCfg = Release|Any CPU
		{D05A26EE-AD66-4165-9D18-8171E1890596}.Release|Any CPU.Build.0 = Release|Any CPU
		{D05A26EE-AD66-4165-9D18-8171E1890596}.Release|x64.ActiveCfg = Release|Any CPU
		{D05A26EE-AD66-4165-9D18-8171E1890596}.Release|x64.Build.0 = Release|Any CPU
		{D05A26EE-AD66-4165-9D18-8171E1890596}.Release|x86.ActiveCfg = Release|Any CPU
		{D05A26EE-AD66-4165-9D18-8171E1890596}.Release|x86.Build.0 = Release|Any CPU
		{1C16BF94-9F34-4B26-8B03-112E35A06BD4}.Debug|Any CPU.ActiveCfg = Debug|Any CPU
		{1C16BF94-9F34-4B26-8B03-112E35A06BD4}.Debug|Any CPU.Build.0 = Debug|Any CPU
		{1C16BF94-9F34-4B26-8B03-112E35A06BD4}.Debug|x64.ActiveCfg = Debug|Any CPU
		{1C16BF94-9F34-4B26-8B03-112E35A06BD4}.Debug|x64.Build.0 = Debug|Any CPU
		{1C16BF94-9F34-4B26-8B03-112E35A06BD4}.Debug|x86.ActiveCfg = Debug|Any CPU
		{1C16BF94-9F34-4B26-8B03-112E35A06BD4}.Debug|x86.Build.0 = Debug|Any CPU
		{1C16BF94-9F34-4B26-8B03-112E35A06BD4}.Release|Any CPU.ActiveCfg = Release|Any CPU
		{1C16BF94-9F34-4B26-8B03-112E35A06BD4}.Release|Any CPU.Build.0 = Release|Any CPU
		{1C16BF94-9F34-4B26-8B03-112E35A06BD4}.Release|x64.ActiveCfg = Release|Any CPU
		{1C16BF94-9F34-4B26-8B03-112E35A06BD4}.Release|x64.Build.0 = Release|Any CPU
		{1C16BF94-9F34-4B26-8B03-112E35A06BD4}.Release|x86.ActiveCfg = Release|Any CPU
		{1C16BF94-9F34-4B26-8B03-112E35A06BD4}.Release|x86.Build.0 = Release|Any CPU
	EndGlobalSection
	GlobalSection(SolutionProperties) = preSolution
		HideSolutionNode = FALSE
	EndGlobalSection
	GlobalSection(ExtensibilityGlobals) = postSolution
		SolutionGuid = {1961901A-0BF3-4289-BB7D-58479E12FC54}
	EndGlobalSection
EndGlobal
